<?xml version="1.0" encoding="utf-8"?>
<Project ToolsVersion="4.0" xmlns="http://schemas.microsoft.com/developer/msbuild/2003">
  <ItemGroup>
    <Filter Include="include">
      <UniqueIdentifier>{690208e7-4af9-42da-91b3-e41045fdf282}</UniqueIdentifier>
    </Filter>
    <Filter Include="src">
      <UniqueIdentifier>{2b16b5bf-1a69-45dc-9180-18a29df833a2}</UniqueIdentifier>
    </Filter>
  </ItemGroup>
  <ItemGroup>
    <ClInclude Include="include\xplatbase.h">
      <Filter>include</Filter>
    </ClInclude>
    <ClInclude Include="src\event_handler.h">
      <Filter>src</Filter>
    </ClInclude>
  </ItemGroup>
  <ItemGroup>
    <ClCompile Include="src\xplatbase.c">
      <Filter>src</Filter>
    </ClCompile>
    <ClCompile Include="src\event_handler.c">
      <Filter>src</Filter>
    </ClCompile>
    <ClCompile Include="src\list_hander.c">
      <Filter>src</Filter>
    </ClCompile>
    <ClCompile Include="src\memory_handler.c">
      <Filter>src</Filter>
    </ClCompile>
    <ClCompile Include="src\string_handler.c">
      <Filter>src</Filter>
    </ClCompile>
    <ClCompile Include="src\thread_handler.c">
      <Filter>src</Filter>
    </ClCompile>
  </ItemGroup>
</Project>