<?xml version="1.0" encoding="utf-8"?>
<Project ToolsVersion="4.0" xmlns="http://schemas.microsoft.com/developer/msbuild/2003">
  <ItemGroup>
    <ClCompile Include="Tester.c" />
    <ClCompile Include="test_task_handler.c" />
    <ClCompile Include="tbb_wrapper.cpp" />
    <ClCompile Include="TesteFutex.c" />
    <ClCompile Include="thread_pool_test.c" />
  </ItemGroup>
  <ItemGroup>
    <Text Include="Tasks.txt" />
  </ItemGroup>
</Project>