
Microsoft Visual Studio Solution File, Format Version 12.00
# Visual Studio Version 18
VisualStudioVersion = 18.7.11903.348 stable
MinimumVisualStudioVersion = 10.0.40219.1
Project("{8BC9CEB8-8B4A-11D0-8D11-00A0C91BC942}") = "Xplatbase", "Xplatbase\Xplatbase.vcxproj", "{F217B4D5-F6BC-4FCE-AF5E-BEEF9FE1F3E8}"
EndProject
Project("{8BC9CEB8-8B4A-11D0-8D11-00A0C91BC942}") = "thread_pool_bench", "..\Tester\thread_pool\thread_pool_bench.vcxproj", "{7E9C2A10-3B4D-4F5A-9C1E-2D6F8A0B1C23}"
EndProject
Project("{8BC9CEB8-8B4A-11D0-8D11-00A0C91BC942}") = "memory_pool_test", "..\Tester\memory_pool\memory_pool_test.vcxproj", "{9A15B8D7-6D1D-4E48-A905-311427CF4C17}"
EndProject
Project("{8BC9CEB8-8B4A-11D0-8D11-00A0C91BC942}") = "bench", "..\bench\bench.vcxproj", "{F4EBDF11-9679-43FB-8EF8-7D5CDEDDC80B}"
EndProject
Global
	GlobalSection(SolutionConfigurationPlatforms) = preSolution
		Debug|x64 = Debug|x64
		Debug|x86 = Debug|x86
		Release|x64 = Release|x64
		Release|x86 = Release|x86
	EndGlobalSection
	GlobalSection(ProjectConfigurationPlatforms) = postSolution
		{F217B4D5-F6BC-4FCE-AF5E-BEEF9FE1F3E8}.Debug|x64.ActiveCfg = Debug|x64
		{F217B4D5-F6BC-4FCE-AF5E-BEEF9FE1F3E8}.Debug|x64.Build.0 = Debug|x64
		{F217B4D5-F6BC-4FCE-AF5E-BEEF9FE1F3E8}.Debug|x86.ActiveCfg = Debug|Win32
		{F217B4D5-F6BC-4FCE-AF5E-BEEF9FE1F3E8}.Debug|x86.Build.0 = Debug|Win32
		{F217B4D5-F6BC-4FCE-AF5E-BEEF9FE1F3E8}.Release|x64.ActiveCfg = Release|x64
		{F217B4D5-F6BC-4FCE-AF5E-BEEF9FE1F3E8}.Release|x64.Build.0 = Release|x64
		{F217B4D5-F6BC-4FCE-AF5E-BEEF9FE1F3E8}.Release|x86.ActiveCfg = Release|Win32
		{F217B4D5-F6BC-4FCE-AF5E-BEEF9FE1F3E8}.Release|x86.Build.0 = Release|Win32
		{7E9C2A10-3B4D-4F5A-9C1E-2D6F8A0B1C23}.Debug|x64.ActiveCfg = Debug|x64
		{7E9C2A10-3B4D-4F5A-9C1E-2D6F8A0B1C23}.Debug|x64.Build.0 = Debug|x64
		{7E9C2A10-3B4D-4F5A-9C1E-2D6F8A0B1C23}.Debug|x86.ActiveCfg = Debug|x64
		{7E9C2A10-3B4D-4F5A-9C1E-2D6F8A0B1C23}.Debug|x86.Build.0 = Debug|x64
		{7E9C2A10-3B4D-4F5A-9C1E-2D6F8A0B1C23}.Release|x64.ActiveCfg = Release|x64
		{7E9C2A10-3B4D-4F5A-9C1E-2D6F8A0B1C23}.Release|x64.Build.0 = Release|x64
		{7E9C2A10-3B4D-4F5A-9C1E-2D6F8A0B1C23}.Release|x86.ActiveCfg = Release|x64
		{7E9C2A10-3B4D-4F5A-9C1E-2D6F8A0B1C23}.Release|x86.Build.0 = Release|x64
		{9A15B8D7-6D1D-4E48-A905-311427CF4C17}.Debug|x64.ActiveCfg = Debug|x64
		{9A15B8D7-6D1D-4E48-A905-311427CF4C17}.Debug|x64.Build.0 = Debug|x64
		{9A15B8D7-6D1D-4E48-A905-311427CF4C17}.Debug|x86.ActiveCfg = Debug|x64
		{9A15B8D7-6D1D-4E48-A905-311427CF4C17}.Debug|x86.Build.0 = Debug|x64
		{9A15B8D7-6D1D-4E48-A905-311427CF4C17}.Release|x64.ActiveCfg = Release|x64
		{9A15B8D7-6D1D-4E48-A905-311427CF4C17}.Release|x64.Build.0 = Release|x64
		{9A15B8D7-6D1D-4E48-A905-311427CF4C17}.Release|x86.ActiveCfg = Release|x64
		{9A15B8D7-6D1D-4E48-A905-311427CF4C17}.Release|x86.Build.0 = Release|x64
		{F4EBDF11-9679-43FB-8EF8-7D5CDEDDC80B}.Debug|x64.ActiveCfg = Debug|x64
		{F4EBDF11-9679-43FB-8EF8-7D5CDEDDC80B}.Debug|x64.Build.0 = Debug|x64
		{F4EBDF11-9679-43FB-8EF8-7D5CDEDDC80B}.Debug|x86.ActiveCfg = Debug|x64
		{F4EBDF11-9679-43FB-8EF8-7D5CDEDDC80B}.Debug|x86.Build.0 = Debug|x64
		{F4EBDF11-9679-43FB-8EF8-7D5CDEDDC80B}.Release|x64.ActiveCfg = Release|x64
		{F4EBDF11-9679-43FB-8EF8-7D5CDEDDC80B}.Release|x64.Build.0 = Release|x64
		{F4EBDF11-9679-43FB-8EF8-7D5CDEDDC80B}.Release|x86.ActiveCfg = Release|x64
		{F4EBDF11-9679-43FB-8EF8-7D5CDEDDC80B}.Release|x86.Build.0 = Release|x64
	EndGlobalSection
	GlobalSection(SolutionProperties) = preSolution
		HideSolutionNode = FALSE
	EndGlobalSection
	GlobalSection(ExtensibilityGlobals) = postSolution
		SolutionGuid = {530E0646-6262-4C10-B505-9E67A2E4E4E9}
	EndGlobalSection
EndGlobal
